
Microsoft Visual Studio Solution File, Format Version 12.00
# Visual Studio Version 16
VisualStudioVersion = 16.0.30320.27
MinimumVisualStudioVersion = 10.0.40219.1
Project("{FAE04EC0-301F-11D3-BF4B-00C04F79EFBC}") = "Terminate", "Terminate\Terminate.csproj", "{53411F3A-A81B-4EF6-AE34-5E35884480D2}"
EndProject
Project("{FAE04EC0-301F-11D3-BF4B-00C04F79EFBC}") = "MessageTypeDefiner", "MessageTypeDefiner\MessageTypeDefiner.csproj", "{6CCDFEE5-F5BD-4786-AC13-D14A4AEE193C}"
EndProject
Project("{FAE04EC0-301F-11D3-BF4B-00C04F79EFBC}") = "HexDataHandle", "DataHandle\HexDataHandle.csproj", "{C99E15BB-C543-4DA9-B295-6E52EF13A29C}"
EndProject
Project("{FAE04EC0-301F-11D3-BF4B-00C04F79EFBC}") = "Encryption", "Encryption\Encryption.csproj", "{70D2FE46-FE55-4FD5-B2A8-14C453A0ECFC}"
EndProject
Project("{FAE04EC0-301F-11D3-BF4B-00C04F79EFBC}") = "ComPort", "ComPort\ComPort.csproj", "{916032D0-E858-4A54-BDA4-F4999DF5574B}"
EndProject
Project("{FAE04EC0-301F-11D3-BF4B-00C04F79EFBC}") = "FileHandle", "FileHandle\FileHandle.csproj", "{2EA9742A-F5FC-4C47-A736-09C0A6755BBB}"
EndProject
Project("{FAE04EC0-301F-11D3-BF4B-00C04F79EFBC}") = "FormHandle", "FormHandle\FormHandle.csproj", "{B3DAEEA0-FF90-4B4F-BFCE-AB9A5DE7B9AF}"
EndProject
Project("{FAE04EC0-301F-11D3-BF4B-00C04F79EFBC}") = "MessageHandle", "MessageHandle\MessageHandle.csproj", "{674E257E-637B-4485-ACB8-FC9B2FF1A7D1}"
EndProject
Project("{2150E333-8FDC-42A3-9474-1A3956D46DE8}") = "模块", "模块", "{28BFE5A4-8735-4D43-BE39-AF95AB9F43F8}"
EndProject
Project("{2150E333-8FDC-42A3-9474-1A3956D46DE8}") = "应用程序", "应用程序", "{5AA1480E-2B12-4E2F-9A6A-0AC75CFD3640}"
EndProject
Global
	GlobalSection(SolutionConfigurationPlatforms) = preSolution
		Debug|Any CPU = Debug|Any CPU
		Release|Any CPU = Release|Any CPU
	EndGlobalSection
	GlobalSection(ProjectConfigurationPlatforms) = postSolution
		{53411F3A-A81B-4EF6-AE34-5E35884480D2}.Debug|Any CPU.ActiveCfg = Debug|Any CPU
		{53411F3A-A81B-4EF6-AE34-5E35884480D2}.Debug|Any CPU.Build.0 = Debug|Any CPU
		{53411F3A-A81B-4EF6-AE34-5E35884480D2}.Release|Any CPU.ActiveCfg = Release|Any CPU
		{53411F3A-A81B-4EF6-AE34-5E35884480D2}.Release|Any CPU.Build.0 = Release|Any CPU
		{6CCDFEE5-F5BD-4786-AC13-D14A4AEE193C}.Debug|Any CPU.ActiveCfg = Debug|Any CPU
		{6CCDFEE5-F5BD-4786-AC13-D14A4AEE193C}.Debug|Any CPU.Build.0 = Debug|Any CPU
		{6CCDFEE5-F5BD-4786-AC13-D14A4AEE193C}.Release|Any CPU.ActiveCfg = Release|Any CPU
		{6CCDFEE5-F5BD-4786-AC13-D14A4AEE193C}.Release|Any CPU.Build.0 = Release|Any CPU
		{C99E15BB-C543-4DA9-B295-6E52EF13A29C}.Debug|Any CPU.ActiveCfg = Debug|Any CPU
		{C99E15BB-C543-4DA9-B295-6E52EF13A29C}.Debug|Any CPU.Build.0 = Debug|Any CPU
		{C99E15BB-C543-4DA9-B295-6E52EF13A29C}.Release|Any CPU.ActiveCfg = Release|Any CPU
		{C99E15BB-C543-4DA9-B295-6E52EF13A29C}.Release|Any CPU.Build.0 = Release|Any CPU
		{70D2FE46-FE55-4FD5-B2A8-14C453A0ECFC}.Debug|Any CPU.ActiveCfg = Debug|Any CPU
		{70D2FE46-FE55-4FD5-B2A8-14C453A0ECFC}.Debug|Any CPU.Build.0 = Debug|Any CPU
		{70D2FE46-FE55-4FD5-B2A8-14C453A0ECFC}.Release|Any CPU.ActiveCfg = Release|Any CPU
		{70D2FE46-FE55-4FD5-B2A8-14C453A0ECFC}.Release|Any CPU.Build.0 = Release|Any CPU
		{916032D0-E858-4A54-BDA4-F4999DF5574B}.Debug|Any CPU.ActiveCfg = Debug|Any CPU
		{916032D0-E858-4A54-BDA4-F4999DF5574B}.Debug|Any CPU.Build.0 = Debug|Any CPU
		{916032D0-E858-4A54-BDA4-F4999DF5574B}.Release|Any CPU.ActiveCfg = Release|Any CPU
		{916032D0-E858-4A54-BDA4-F4999DF5574B}.Release|Any CPU.Build.0 = Release|Any CPU
		{2EA9742A-F5FC-4C47-A736-09C0A6755BBB}.Debug|Any CPU.ActiveCfg = Debug|Any CPU
		{2EA9742A-F5FC-4C47-A736-09C0A6755BBB}.Debug|Any CPU.Build.0 = Debug|Any CPU
		{2EA9742A-F5FC-4C47-A736-09C0A6755BBB}.Release|Any CPU.ActiveCfg = Release|Any CPU
		{2EA9742A-F5FC-4C47-A736-09C0A6755BBB}.Release|Any CPU.Build.0 = Release|Any CPU
		{B3DAEEA0-FF90-4B4F-BFCE-AB9A5DE7B9AF}.Debug|Any CPU.ActiveCfg = Debug|Any CPU
		{B3DAEEA0-FF90-4B4F-BFCE-AB9A5DE7B9AF}.Debug|Any CPU.Build.0 = Debug|Any CPU
		{B3DAEEA0-FF90-4B4F-BFCE-AB9A5DE7B9AF}.Release|Any CPU.ActiveCfg = Release|Any CPU
		{B3DAEEA0-FF90-4B4F-BFCE-AB9A5DE7B9AF}.Release|Any CPU.Build.0 = Release|Any CPU
		{674E257E-637B-4485-ACB8-FC9B2FF1A7D1}.Debug|Any CPU.ActiveCfg = Debug|Any CPU
		{674E257E-637B-4485-ACB8-FC9B2FF1A7D1}.Debug|Any CPU.Build.0 = Debug|Any CPU
		{674E257E-637B-4485-ACB8-FC9B2FF1A7D1}.Release|Any CPU.ActiveCfg = Release|Any CPU
		{674E257E-637B-4485-ACB8-FC9B2FF1A7D1}.Release|Any CPU.Build.0 = Release|Any CPU
	EndGlobalSection
	GlobalSection(SolutionProperties) = preSolution
		HideSolutionNode = FALSE
	EndGlobalSection
	GlobalSection(NestedProjects) = preSolution
		{53411F3A-A81B-4EF6-AE34-5E35884480D2} = {5AA1480E-2B12-4E2F-9A6A-0AC75CFD3640}
		{6CCDFEE5-F5BD-4786-AC13-D14A4AEE193C} = {5AA1480E-2B12-4E2F-9A6A-0AC75CFD3640}
		{C99E15BB-C543-4DA9-B295-6E52EF13A29C} = {28BFE5A4-8735-4D43-BE39-AF95AB9F43F8}
		{70D2FE46-FE55-4FD5-B2A8-14C453A0ECFC} = {28BFE5A4-8735-4D43-BE39-AF95AB9F43F8}
		{916032D0-E858-4A54-BDA4-F4999DF5574B} = {28BFE5A4-8735-4D43-BE39-AF95AB9F43F8}
		{2EA9742A-F5FC-4C47-A736-09C0A6755BBB} = {28BFE5A4-8735-4D43-BE39-AF95AB9F43F8}
		{B3DAEEA0-FF90-4B4F-BFCE-AB9A5DE7B9AF} = {28BFE5A4-8735-4D43-BE39-AF95AB9F43F8}
		{674E257E-637B-4485-ACB8-FC9B2FF1A7D1} = {28BFE5A4-8735-4D43-BE39-AF95AB9F43F8}
	EndGlobalSection
	GlobalSection(ExtensibilityGlobals) = postSolution
		SolutionGuid = {BA152E07-EAF6-4E60-A63F-22374A3C7AA2}
	EndGlobalSection
EndGlobal
